
Microsoft Visual Studio Solution File, Format Version 12.00
# Visual Studio Version 17
VisualStudioVersion = 17.14.37328.6
MinimumVisualStudioVersion = 10.0.40219.1
Project("{FAE04EC0-301F-11D3-BF4B-00C04F79EFBC}") = "WebService", "WebService\WebService.csproj", "{BFAD140F-89B2-412D-A04E-8961FAA2DFE5}"
EndProject
Project("{FAE04EC0-301F-11D3-BF4B-00C04F79EFBC}") = "DataAccess", "DataAccess\DataAccess.csproj", "{07A03C44-E458-48CA-978E-7767AA1B5AC5}"
EndProject
Project("{FAE04EC0-301F-11D3-BF4B-00C04F79EFBC}") = "Web", "Web\Web.csproj", "{7319AB72-A90C-4DD5-B189-CEBF59A1C843}"
EndProject
Global
	GlobalSection(SolutionConfigurationPlatforms) = preSolution
		Debug|Any CPU = Debug|Any CPU
		Release|Any CPU = Release|Any CPU
	EndGlobalSection
	GlobalSection(ProjectConfigurationPlatforms) = postSolution
		{BFAD140F-89B2-412D-A04E-8961FAA2DFE5}.Debug|Any CPU.ActiveCfg = Debug|Any CPU
		{BFAD140F-89B2-412D-A04E-8961FAA2DFE5}.Debug|Any CPU.Build.0 = Debug|Any CPU
		{BFAD140F-89B2-412D-A04E-8961FAA2DFE5}.Release|Any CPU.ActiveCfg = Release|Any CPU
		{BFAD140F-89B2-412D-A04E-8961FAA2DFE5}.Release|Any CPU.Build.0 = Release|Any CPU
		{07A03C44-E458-48CA-978E-7767AA1B5AC5}.Debug|Any CPU.ActiveCfg = Debug|Any CPU
		{07A03C44-E458-48CA-978E-7767AA1B5AC5}.Debug|Any CPU.Build.0 = Debug|Any CPU
		{07A03C44-E458-48CA-978E-7767AA1B5AC5}.Release|Any CPU.ActiveCfg = Release|Any CPU
		{07A03C44-E458-48CA-978E-7767AA1B5AC5}.Release|Any CPU.Build.0 = Release|Any CPU
		{7319AB72-A90C-4DD5-B189-CEBF59A1C843}.Debug|Any CPU.ActiveCfg = Debug|Any CPU
		{7319AB72-A90C-4DD5-B189-CEBF59A1C843}.Debug|Any CPU.Build.0 = Debug|Any CPU
		{7319AB72-A90C-4DD5-B189-CEBF59A1C843}.Release|Any CPU.ActiveCfg = Release|Any CPU
		{7319AB72-A90C-4DD5-B189-CEBF59A1C843}.Release|Any CPU.Build.0 = Release|Any CPU
	EndGlobalSection
	GlobalSection(SolutionProperties) = preSolution
		HideSolutionNode = FALSE
	EndGlobalSection
	GlobalSection(ExtensibilityGlobals) = postSolution
		SolutionGuid = {E0A0B96E-9650-4810-872B-833B92D561C9}
	EndGlobalSection
EndGlobal
